{
  "originHash" : "8bc91759a62bae1ebde21826e217b7e187a8e3593f5fc3e7494c0f59e5a9b843",
  "pins" : [
    {
      "identity" : "aws-sdk-ios-spm",
      "kind" : "remoteSourceControl",
      "location" : "https://github.com/aws-amplify/aws-sdk-ios-spm",
      "state" : {
        "revision" : "5be5f7982f37ea0605c7cfdbb3c9c81af4dafc13",
        "version" : "2.36.0"
      }
    },
    {
      "identity" : "livery-sdk-ios-spm",
      "kind" : "remoteSourceControl",
      "location" : "https://github.com/liveryvideo/livery-sdk-ios-spm",
      "state" : {
        "revision" : "9b48bd8f9440baa78d3629c89baddb09e91f48d6",
        "version" : "3.0.0"
      }
    }
  ],
  "version" : 3
}
