{
  "pins" : [
    {
      "identity" : "aws-sdk-ios-spm",
      "kind" : "remoteSourceControl",
      "location" : "https://github.com/aws-amplify/aws-sdk-ios-spm",
      "state" : {
        "revision" : "170e7eb703997da8bce9b7e5cd2f3a96727c955d",
        "version" : "2.27.14"
      }
    },
    {
      "identity" : "livery-sdk-ios-spm",
      "kind" : "remoteSourceControl",
      "location" : "https://github.com/liveryvideo/livery-sdk-ios-spm",
      "state" : {
        "revision" : "366532d5ac5e406ebd8b4a3ed26a77dea5d5c265",
        "version" : "1.4.1"
      }
    }
  ],
  "version" : 2
}
